
Microsoft Visual Studio Solution File, Format Version 12.00
# Visual Studio Version 16
VisualStudioVersion = 16.0.31702.278
MinimumVisualStudioVersion = 10.0.40219.1
Project("{FAE04EC0-301F-11D3-BF4B-00C04F79EFBC}") = "AppSampledb.Android", "AppSampledb\AppSampledb.Android\AppSampledb.Android.csproj", "{BDC65B9B-4535-4BAB-8813-C7AD4AE9A741}"
EndProject
Project("{FAE04EC0-301F-11D3-BF4B-00C04F79EFBC}") = "AppSampledb", "AppSampledb\AppSampledb\AppSampledb.csproj", "{773264A3-FFC2-4F3C-8F2E-D8121D8F16D3}"
EndProject
Global
	GlobalSection(SolutionConfigurationPlatforms) = preSolution
		Debug|Any CPU = Debug|Any CPU
		Release|Any CPU = Release|Any CPU
	EndGlobalSection
	GlobalSection(ProjectConfigurationPlatforms) = postSolution
		{BDC65B9B-4535-4BAB-8813-C7AD4AE9A741}.Debug|Any CPU.ActiveCfg = Debug|Any CPU
		{BDC65B9B-4535-4BAB-8813-C7AD4AE9A741}.Debug|Any CPU.Build.0 = Debug|Any CPU
		{BDC65B9B-4535-4BAB-8813-C7AD4AE9A741}.Debug|Any CPU.Deploy.0 = Debug|Any CPU
		{BDC65B9B-4535-4BAB-8813-C7AD4AE9A741}.Release|Any CPU.ActiveCfg = Release|Any CPU
		{BDC65B9B-4535-4BAB-8813-C7AD4AE9A741}.Release|Any CPU.Build.0 = Release|Any CPU
		{BDC65B9B-4535-4BAB-8813-C7AD4AE9A741}.Release|Any CPU.Deploy.0 = Release|Any CPU
		{773264A3-FFC2-4F3C-8F2E-D8121D8F16D3}.Debug|Any CPU.ActiveCfg = Debug|Any CPU
		{773264A3-FFC2-4F3C-8F2E-D8121D8F16D3}.Debug|Any CPU.Build.0 = Debug|Any CPU
		{773264A3-FFC2-4F3C-8F2E-D8121D8F16D3}.Debug|Any CPU.Deploy.0 = Debug|Any CPU
		{773264A3-FFC2-4F3C-8F2E-D8121D8F16D3}.Release|Any CPU.ActiveCfg = Release|Any CPU
		{773264A3-FFC2-4F3C-8F2E-D8121D8F16D3}.Release|Any CPU.Build.0 = Release|Any CPU
		{773264A3-FFC2-4F3C-8F2E-D8121D8F16D3}.Release|Any CPU.Deploy.0 = Release|Any CPU
	EndGlobalSection
	GlobalSection(SolutionProperties) = preSolution
		HideSolutionNode = FALSE
	EndGlobalSection
	GlobalSection(ExtensibilityGlobals) = postSolution
		SolutionGuid = {FAC0AD65-A400-478A-9A07-C4AD5518E515}
	EndGlobalSection
EndGlobal
